
Microsoft Visual Studio Solution File, Format Version 12.00
# Visual Studio Version 16
VisualStudioVersion = 16.0.30907.101
MinimumVisualStudioVersion = 10.0.40219.1
Project("{8BC9CEB8-8B4A-11D0-8D11-00A0C91BC942}") = "KernelHiddenExecute", "KernelHiddenExecute\KernelHiddenExecute.vcxproj", "{C9710F06-7BBB-4B03-9736-F7CA8D0B1759}"
EndProject
Project("{8BC9CEB8-8B4A-11D0-8D11-00A0C91BC942}") = "ControlPanel", "ControlPanel\ControlPanel.vcxproj", "{2C7AEAC4-25F4-4C9D-842D-5C001D2BBA71}"
EndProject
Project("{8BC9CEB8-8B4A-11D0-8D11-00A0C91BC942}") = "Malware", "Malware\Malware.vcxproj", "{AEA72597-54BB-4720-916D-17F4B53F615D}"
EndProject
Global
	GlobalSection(SolutionConfigurationPlatforms) = preSolution
		Debug|ARM = Debug|ARM
		Debug|ARM64 = Debug|ARM64
		Debug|x64 = Debug|x64
		Debug|x86 = Debug|x86
		Release|ARM = Release|ARM
		Release|ARM64 = Release|ARM64
		Release|x64 = Release|x64
		Release|x86 = Release|x86
	EndGlobalSection
	GlobalSection(ProjectConfigurationPlatforms) = postSolution
		{C9710F06-7BBB-4B03-9736-F7CA8D0B1759}.Debug|ARM.ActiveCfg = Debug|ARM
		{C9710F06-7BBB-4B03-9736-F7CA8D0B1759}.Debug|ARM.Build.0 = Debug|ARM
		{C9710F06-7BBB-4B03-9736-F7CA8D0B1759}.Debug|ARM.Deploy.0 = Debug|ARM
		{C9710F06-7BBB-4B03-9736-F7CA8D0B1759}.Debug|ARM64.ActiveCfg = Debug|ARM64
		{C9710F06-7BBB-4B03-9736-F7CA8D0B1759}.Debug|ARM64.Build.0 = Debug|ARM64
		{C9710F06-7BBB-4B03-9736-F7CA8D0B1759}.Debug|ARM64.Deploy.0 = Debug|ARM64
		{C9710F06-7BBB-4B03-9736-F7CA8D0B1759}.Debug|x64.ActiveCfg = Debug|x64
		{C9710F06-7BBB-4B03-9736-F7CA8D0B1759}.Debug|x64.Build.0 = Debug|x64
		{C9710F06-7BBB-4B03-9736-F7CA8D0B1759}.Debug|x64.Deploy.0 = Debug|x64
		{C9710F06-7BBB-4B03-9736-F7CA8D0B1759}.Debug|x86.ActiveCfg = Debug|Win32
		{C9710F06-7BBB-4B03-9736-F7CA8D0B1759}.Debug|x86.Build.0 = Debug|Win32
		{C9710F06-7BBB-4B03-9736-F7CA8D0B1759}.Debug|x86.Deploy.0 = Debug|Win32
		{C9710F06-7BBB-4B03-9736-F7CA8D0B1759}.Release|ARM.ActiveCfg = Release|ARM
		{C9710F06-7BBB-4B03-9736-F7CA8D0B1759}.Release|ARM.Build.0 = Release|ARM
		{C9710F06-7BBB-4B03-9736-F7CA8D0B1759}.Release|ARM.Deploy.0 = Release|ARM
		{C9710F06-7BBB-4B03-9736-F7CA8D0B1759}.Release|ARM64.ActiveCfg = Release|ARM64
		{C9710F06-7BBB-4B03-9736-F7CA8D0B1759}.Release|ARM64.Build.0 = Release|ARM64
		{C9710F06-7BBB-4B03-9736-F7CA8D0B1759}.Release|ARM64.Deploy.0 = Release|ARM64
		{C9710F06-7BBB-4B03-9736-F7CA8D0B1759}.Release|x64.ActiveCfg = Release|x64
		{C9710F06-7BBB-4B03-9736-F7CA8D0B1759}.Release|x64.Build.0 = Release|x64
		{C9710F06-7BBB-4B03-9736-F7CA8D0B1759}.Release|x64.Deploy.0 = Release|x64
		{C9710F06-7BBB-4B03-9736-F7CA8D0B1759}.Release|x86.ActiveCfg = Release|Win32
		{C9710F06-7BBB-4B03-9736-F7CA8D0B1759}.Release|x86.Build.0 = Release|Win32
		{C9710F06-7BBB-4B03-9736-F7CA8D0B1759}.Release|x86.Deploy.0 = Release|Win32
		{2C7AEAC4-25F4-4C9D-842D-5C001D2BBA71}.Debug|ARM.ActiveCfg = Debug|Win32
		{2C7AEAC4-25F4-4C9D-842D-5C001D2BBA71}.Debug|ARM64.ActiveCfg = Debug|Win32
		{2C7AEAC4-25F4-4C9D-842D-5C001D2BBA71}.Debug|x64.ActiveCfg = Debug|Win32
		{2C7AEAC4-25F4-4C9D-842D-5C001D2BBA71}.Debug|x86.ActiveCfg = Debug|Win32
		{2C7AEAC4-25F4-4C9D-842D-5C001D2BBA71}.Debug|x86.Build.0 = Debug|Win32
		{2C7AEAC4-25F4-4C9D-842D-5C001D2BBA71}.Release|ARM.ActiveCfg = Release|Win32
		{2C7AEAC4-25F4-4C9D-842D-5C001D2BBA71}.Release|ARM64.ActiveCfg = Release|Win32
		{2C7AEAC4-25F4-4C9D-842D-5C001D2BBA71}.Release|x64.ActiveCfg = Release|Win32
		{2C7AEAC4-25F4-4C9D-842D-5C001D2BBA71}.Release|x86.ActiveCfg = Release|Win32
		{2C7AEAC4-25F4-4C9D-842D-5C001D2BBA71}.Release|x86.Build.0 = Release|Win32
		{AEA72597-54BB-4720-916D-17F4B53F615D}.Debug|ARM.ActiveCfg = Debug|ARM
		{AEA72597-54BB-4720-916D-17F4B53F615D}.Debug|ARM.Build.0 = Debug|ARM
		{AEA72597-54BB-4720-916D-17F4B53F615D}.Debug|ARM.Deploy.0 = Debug|ARM
		{AEA72597-54BB-4720-916D-17F4B53F615D}.Debug|ARM64.ActiveCfg = Debug|ARM64
		{AEA72597-54BB-4720-916D-17F4B53F615D}.Debug|ARM64.Build.0 = Debug|ARM64
		{AEA72597-54BB-4720-916D-17F4B53F615D}.Debug|ARM64.Deploy.0 = Debug|ARM64
		{AEA72597-54BB-4720-916D-17F4B53F615D}.Debug|x64.ActiveCfg = Debug|x64
		{AEA72597-54BB-4720-916D-17F4B53F615D}.Debug|x64.Build.0 = Debug|x64
		{AEA72597-54BB-4720-916D-17F4B53F615D}.Debug|x64.Deploy.0 = Debug|x64
		{AEA72597-54BB-4720-916D-17F4B53F615D}.Debug|x86.ActiveCfg = Debug|Win32
		{AEA72597-54BB-4720-916D-17F4B53F615D}.Debug|x86.Build.0 = Debug|Win32
		{AEA72597-54BB-4720-916D-17F4B53F615D}.Debug|x86.Deploy.0 = Debug|Win32
		{AEA72597-54BB-4720-916D-17F4B53F615D}.Release|ARM.ActiveCfg = Release|ARM
		{AEA72597-54BB-4720-916D-17F4B53F615D}.Release|ARM.Build.0 = Release|ARM
		{AEA72597-54BB-4720-916D-17F4B53F615D}.Release|ARM.Deploy.0 = Release|ARM
		{AEA72597-54BB-4720-916D-17F4B53F615D}.Release|ARM64.ActiveCfg = Release|ARM64
		{AEA72597-54BB-4720-916D-17F4B53F615D}.Release|ARM64.Build.0 = Release|ARM64
		{AEA72597-54BB-4720-916D-17F4B53F615D}.Release|ARM64.Deploy.0 = Release|ARM64
		{AEA72597-54BB-4720-916D-17F4B53F615D}.Release|x64.ActiveCfg = Release|x64
		{AEA72597-54BB-4720-916D-17F4B53F615D}.Release|x64.Build.0 = Release|x64
		{AEA72597-54BB-4720-916D-17F4B53F615D}.Release|x64.Deploy.0 = Release|x64
		{AEA72597-54BB-4720-916D-17F4B53F615D}.Release|x86.ActiveCfg = Release|Win32
		{AEA72597-54BB-4720-916D-17F4B53F615D}.Release|x86.Build.0 = Release|Win32
		{AEA72597-54BB-4720-916D-17F4B53F615D}.Release|x86.Deploy.0 = Release|Win32
	EndGlobalSection
	GlobalSection(SolutionProperties) = preSolution
		HideSolutionNode = FALSE
	EndGlobalSection
	GlobalSection(ExtensibilityGlobals) = postSolution
		SolutionGuid = {CA87CDA3-6E95-4C2A-8FF5-255603FFBB5F}
	EndGlobalSection
EndGlobal
